
Microsoft Visual Studio Solution File, Format Version 12.00
# Visual Studio Version 16
VisualStudioVersion = 16.0.34114.132
MinimumVisualStudioVersion = 10.0.40219.1
Project("{FAE04EC0-301F-11D3-BF4B-00C04F79EFBC}") = "ParentalControlSystem", "ParentalControlSystem\ParentalControlSystem.csproj", "{DD84F2D6-6486-4ACD-89D7-C12ADC20D7F1}"
EndProject
Global
	GlobalSection(SolutionConfigurationPlatforms) = preSolution
		Debug|Any CPU = Debug|Any CPU
		Release|Any CPU = Release|Any CPU
	EndGlobalSection
	GlobalSection(ProjectConfigurationPlatforms) = postSolution
		{DD84F2D6-6486-4ACD-89D7-C12ADC20D7F1}.Debug|Any CPU.ActiveCfg = Debug|Any CPU
		{DD84F2D6-6486-4ACD-89D7-C12ADC20D7F1}.Debug|Any CPU.Build.0 = Debug|Any CPU
		{DD84F2D6-6486-4ACD-89D7-C12ADC20D7F1}.Release|Any CPU.ActiveCfg = Release|Any CPU
		{DD84F2D6-6486-4ACD-89D7-C12ADC20D7F1}.Release|Any CPU.Build.0 = Release|Any CPU
	EndGlobalSection
	GlobalSection(SolutionProperties) = preSolution
		HideSolutionNode = FALSE
	EndGlobalSection
	GlobalSection(ExtensibilityGlobals) = postSolution
		SolutionGuid = {AF9EE7F0-C1B2-4262-B48D-B4F1E088C16C}
	EndGlobalSection
EndGlobal
